
Microsoft Visual Studio Solution File, Format Version 12.00
# Visual Studio Version 16
VisualStudioVersion = 16.0.31624.102
MinimumVisualStudioVersion = 10.0.40219.1
Project("{FAE04EC0-301F-11D3-BF4B-00C04F79EFBC}") = "Opdracht-4-GETSET", "Opdracht-4-GETSET\Opdracht-4-GETSET.csproj", "{CAA1490C-2270-4731-9A8D-5FCF9BD9E0CC}"
EndProject
Global
	GlobalSection(SolutionConfigurationPlatforms) = preSolution
		Debug|Any CPU = Debug|Any CPU
		Release|Any CPU = Release|Any CPU
	EndGlobalSection
	GlobalSection(ProjectConfigurationPlatforms) = postSolution
		{CAA1490C-2270-4731-9A8D-5FCF9BD9E0CC}.Debug|Any CPU.ActiveCfg = Debug|Any CPU
		{CAA1490C-2270-4731-9A8D-5FCF9BD9E0CC}.Debug|Any CPU.Build.0 = Debug|Any CPU
		{CAA1490C-2270-4731-9A8D-5FCF9BD9E0CC}.Release|Any CPU.ActiveCfg = Release|Any CPU
		{CAA1490C-2270-4731-9A8D-5FCF9BD9E0CC}.Release|Any CPU.Build.0 = Release|Any CPU
	EndGlobalSection
	GlobalSection(SolutionProperties) = preSolution
		HideSolutionNode = FALSE
	EndGlobalSection
	GlobalSection(ExtensibilityGlobals) = postSolution
		SolutionGuid = {7D90B1BC-FB75-4A1A-B2F4-7A63CE6E5A70}
	EndGlobalSection
EndGlobal
